
Microsoft Visual Studio Solution File, Format Version 12.00
# Visual Studio Version 17
VisualStudioVersion = 17.2.32630.192
MinimumVisualStudioVersion = 10.0.40219.1
Project("{FAE04EC0-301F-11D3-BF4B-00C04F79EFBC}") = "Trouble", "Trouble\Trouble.csproj", "{2D8E2741-3167-4B1C-A7AE-91B326CB995D}"
EndProject
Global
	GlobalSection(SolutionConfigurationPlatforms) = preSolution
		Debug|Any CPU = Debug|Any CPU
		Release|Any CPU = Release|Any CPU
	EndGlobalSection
	GlobalSection(ProjectConfigurationPlatforms) = postSolution
		{2D8E2741-3167-4B1C-A7AE-91B326CB995D}.Debug|Any CPU.ActiveCfg = Debug|Any CPU
		{2D8E2741-3167-4B1C-A7AE-91B326CB995D}.Debug|Any CPU.Build.0 = Debug|Any CPU
		{2D8E2741-3167-4B1C-A7AE-91B326CB995D}.Release|Any CPU.ActiveCfg = Release|Any CPU
		{2D8E2741-3167-4B1C-A7AE-91B326CB995D}.Release|Any CPU.Build.0 = Release|Any CPU
	EndGlobalSection
	GlobalSection(SolutionProperties) = preSolution
		HideSolutionNode = FALSE
	EndGlobalSection
	GlobalSection(ExtensibilityGlobals) = postSolution
		SolutionGuid = {5EC7E42A-D0A9-485D-8F8D-0AA522059A0F}
	EndGlobalSection
EndGlobal
