
Microsoft Visual Studio Solution File, Format Version 12.00
# Visual Studio Version 17
VisualStudioVersion = 17.2.32630.192
MinimumVisualStudioVersion = 10.0.40219.1
Project("{FAE04EC0-301F-11D3-BF4B-00C04F79EFBC}") = "PE16", "PE16\PE16.csproj", "{FB6A6739-4D95-4EF3-8B3B-7E81C92B2650}"
EndProject
Global
	GlobalSection(SolutionConfigurationPlatforms) = preSolution
		Debug|Any CPU = Debug|Any CPU
		Release|Any CPU = Release|Any CPU
	EndGlobalSection
	GlobalSection(ProjectConfigurationPlatforms) = postSolution
		{FB6A6739-4D95-4EF3-8B3B-7E81C92B2650}.Debug|Any CPU.ActiveCfg = Debug|Any CPU
		{FB6A6739-4D95-4EF3-8B3B-7E81C92B2650}.Debug|Any CPU.Build.0 = Debug|Any CPU
		{FB6A6739-4D95-4EF3-8B3B-7E81C92B2650}.Release|Any CPU.ActiveCfg = Release|Any CPU
		{FB6A6739-4D95-4EF3-8B3B-7E81C92B2650}.Release|Any CPU.Build.0 = Release|Any CPU
	EndGlobalSection
	GlobalSection(SolutionProperties) = preSolution
		HideSolutionNode = FALSE
	EndGlobalSection
	GlobalSection(ExtensibilityGlobals) = postSolution
		SolutionGuid = {E3C2AD5B-90AF-4DDC-84C8-5566B60AE54B}
	EndGlobalSection
EndGlobal
